
Microsoft Visual Studio Solution File, Format Version 12.00
# Visual Studio Version 16
VisualStudioVersion = 16.0.28902.138
MinimumVisualStudioVersion = 10.0.40219.1
Project("{9A19103F-16F7-4668-BE54-9A1E7A4F7556}") = "SimpleData.Log", "src\SimpleData.Log\SimpleData.Log.csproj", "{27728FF9-E314-41C2-A126-02B26DC78EAF}"
EndProject
Project("{9A19103F-16F7-4668-BE54-9A1E7A4F7556}") = "SimpleData.Core", "src\SimpleData.Core\SimpleData.Core.csproj", "{7314E2A3-2980-487C-BEC5-5A05084764A1}"
EndProject
Global
	GlobalSection(SolutionConfigurationPlatforms) = preSolution
		Debug|Any CPU = Debug|Any CPU
		Release|Any CPU = Release|Any CPU
	EndGlobalSection
	GlobalSection(ProjectConfigurationPlatforms) = postSolution
		{27728FF9-E314-41C2-A126-02B26DC78EAF}.Debug|Any CPU.ActiveCfg = Debug|Any CPU
		{27728FF9-E314-41C2-A126-02B26DC78EAF}.Debug|Any CPU.Build.0 = Debug|Any CPU
		{27728FF9-E314-41C2-A126-02B26DC78EAF}.Release|Any CPU.ActiveCfg = Release|Any CPU
		{27728FF9-E314-41C2-A126-02B26DC78EAF}.Release|Any CPU.Build.0 = Release|Any CPU
		{7314E2A3-2980-487C-BEC5-5A05084764A1}.Debug|Any CPU.ActiveCfg = Debug|Any CPU
		{7314E2A3-2980-487C-BEC5-5A05084764A1}.Debug|Any CPU.Build.0 = Debug|Any CPU
		{7314E2A3-2980-487C-BEC5-5A05084764A1}.Release|Any CPU.ActiveCfg = Release|Any CPU
		{7314E2A3-2980-487C-BEC5-5A05084764A1}.Release|Any CPU.Build.0 = Release|Any CPU
	EndGlobalSection
	GlobalSection(SolutionProperties) = preSolution
		HideSolutionNode = FALSE
	EndGlobalSection
	GlobalSection(ExtensibilityGlobals) = postSolution
		SolutionGuid = {AC14FB2E-E193-434C-A733-209CEF18D968}
	EndGlobalSection
EndGlobal
